
Microsoft Visual Studio Solution File, Format Version 12.00
# Visual Studio Version 16
VisualStudioVersion = 16.0.31025.194
MinimumVisualStudioVersion = 10.0.40219.1
Project("{9A19103F-16F7-4668-BE54-9A1E7A4F7556}") = "TeachAssist", "TeachAssist\TeachAssist.csproj", "{490BA6AE-D21C-4F84-9C92-28A1BECB01E3}"
EndProject
Project("{FAE04EC0-301F-11D3-BF4B-00C04F79EFBC}") = "TeachAssistUI", "TeachAssistUI\TeachAssistUI.csproj", "{FE913F17-CA6C-49D1-8A6F-02A32C4BA3AE}"
EndProject
Global
	GlobalSection(SolutionConfigurationPlatforms) = preSolution
		Debug|Any CPU = Debug|Any CPU
		Release|Any CPU = Release|Any CPU
	EndGlobalSection
	GlobalSection(ProjectConfigurationPlatforms) = postSolution
		{490BA6AE-D21C-4F84-9C92-28A1BECB01E3}.Debug|Any CPU.ActiveCfg = Debug|Any CPU
		{490BA6AE-D21C-4F84-9C92-28A1BECB01E3}.Debug|Any CPU.Build.0 = Debug|Any CPU
		{490BA6AE-D21C-4F84-9C92-28A1BECB01E3}.Release|Any CPU.ActiveCfg = Release|Any CPU
		{490BA6AE-D21C-4F84-9C92-28A1BECB01E3}.Release|Any CPU.Build.0 = Release|Any CPU
		{FE913F17-CA6C-49D1-8A6F-02A32C4BA3AE}.Debug|Any CPU.ActiveCfg = Debug|Any CPU
		{FE913F17-CA6C-49D1-8A6F-02A32C4BA3AE}.Debug|Any CPU.Build.0 = Debug|Any CPU
		{FE913F17-CA6C-49D1-8A6F-02A32C4BA3AE}.Release|Any CPU.ActiveCfg = Release|Any CPU
		{FE913F17-CA6C-49D1-8A6F-02A32C4BA3AE}.Release|Any CPU.Build.0 = Release|Any CPU
	EndGlobalSection
	GlobalSection(SolutionProperties) = preSolution
		HideSolutionNode = FALSE
	EndGlobalSection
	GlobalSection(ExtensibilityGlobals) = postSolution
		SolutionGuid = {B1195EBB-5771-4272-B483-01A70DC1A5A6}
	EndGlobalSection
EndGlobal
